
Microsoft Visual Studio Solution File, Format Version 12.00
# Visual Studio Version 17
VisualStudioVersion = 17.5.33424.131
MinimumVisualStudioVersion = 10.0.40219.1
Project("{FAE04EC0-301F-11D3-BF4B-00C04F79EFBC}") = "PryCampo", "PryCampo.csproj", "{A6482B5D-C609-40CA-8DAA-C8C5FA4ECC9D}"
EndProject
Global
	GlobalSection(SolutionConfigurationPlatforms) = preSolution
		Debug|Any CPU = Debug|Any CPU
		Release|Any CPU = Release|Any CPU
	EndGlobalSection
	GlobalSection(ProjectConfigurationPlatforms) = postSolution
		{A6482B5D-C609-40CA-8DAA-C8C5FA4ECC9D}.Debug|Any CPU.ActiveCfg = Debug|Any CPU
		{A6482B5D-C609-40CA-8DAA-C8C5FA4ECC9D}.Debug|Any CPU.Build.0 = Debug|Any CPU
		{A6482B5D-C609-40CA-8DAA-C8C5FA4ECC9D}.Release|Any CPU.ActiveCfg = Release|Any CPU
		{A6482B5D-C609-40CA-8DAA-C8C5FA4ECC9D}.Release|Any CPU.Build.0 = Release|Any CPU
	EndGlobalSection
	GlobalSection(SolutionProperties) = preSolution
		HideSolutionNode = FALSE
	EndGlobalSection
	GlobalSection(ExtensibilityGlobals) = postSolution
		SolutionGuid = {C9A6263B-55BE-4F68-B14E-BA506BC19DB0}
	EndGlobalSection
EndGlobal
